
Microsoft Visual Studio Solution File, Format Version 12.00
# Visual Studio Version 17
VisualStudioVersion = 17.11.35312.102
MinimumVisualStudioVersion = 10.0.40219.1
Project("{FAE04EC0-301F-11D3-BF4B-00C04F79EFBC}") = "RandomCharacters", "RandomCharacters.csproj", "{A89AC0B1-67B5-420A-97CB-F8824D305276}"
EndProject
Global
	GlobalSection(SolutionConfigurationPlatforms) = preSolution
		Debug|Any CPU = Debug|Any CPU
		Release|Any CPU = Release|Any CPU
	EndGlobalSection
	GlobalSection(ProjectConfigurationPlatforms) = postSolution
		{A89AC0B1-67B5-420A-97CB-F8824D305276}.Debug|Any CPU.ActiveCfg = Debug|Any CPU
		{A89AC0B1-67B5-420A-97CB-F8824D305276}.Debug|Any CPU.Build.0 = Debug|Any CPU
		{A89AC0B1-67B5-420A-97CB-F8824D305276}.Release|Any CPU.ActiveCfg = Release|Any CPU
		{A89AC0B1-67B5-420A-97CB-F8824D305276}.Release|Any CPU.Build.0 = Release|Any CPU
	EndGlobalSection
	GlobalSection(SolutionProperties) = preSolution
		HideSolutionNode = FALSE
	EndGlobalSection
	GlobalSection(ExtensibilityGlobals) = postSolution
		SolutionGuid = {83BCF5A4-74D7-4D95-AFF9-42D17527F7ED}
	EndGlobalSection
EndGlobal
